# Generated by pub
# See http://pub.dartlang.org/doc/glossary.html#lockfile
packages:
  bignum:
    description: bignum
    source: hosted
    version: "0.0.7"
  cipher:
    description: cipher
    source: hosted
    version: "0.7.1"
  fixnum:
    description: fixnum
    source: hosted
    version: "0.9.1+2"
sdk: ">=1.11.0 <2.0.0"
